
Microsoft Visual Studio Solution File, Format Version 12.00
# Visual Studio Version 17
VisualStudioVersion = 17.10.35027.167
MinimumVisualStudioVersion = 10.0.40219.1
Project("{FAE04EC0-301F-11D3-BF4B-00C04F79EFBC}") = "Bai01", "Bai01\Bai01.csproj", "{46D52606-C4D1-4542-AA89-22C3A869EE6A}"
EndProject
Project("{FAE04EC0-301F-11D3-BF4B-00C04F79EFBC}") = "Bai02", "Bai02\Bai02.csproj", "{C2C74301-0DC3-4137-850F-4DD1FACED184}"
EndProject
Project("{FAE04EC0-301F-11D3-BF4B-00C04F79EFBC}") = "Bai03", "Bai03\Bai03.csproj", "{2DC80EFC-05B2-4390-BEBD-0E55ADD8C4F4}"
EndProject
Project("{FAE04EC0-301F-11D3-BF4B-00C04F79EFBC}") = "Bai04", "Bai04\Bai04.csproj", "{7778CBCE-4016-41C0-B636-63B369962FDC}"
EndProject
Project("{FAE04EC0-301F-11D3-BF4B-00C04F79EFBC}") = "Bai05", "Bai05\Bai05.csproj", "{8AEF9C73-DED9-474B-9A9F-E392A24E9F1B}"
EndProject
Project("{FAE04EC0-301F-11D3-BF4B-00C04F79EFBC}") = "bai07", "bai07\bai07.csproj", "{9D63EAB9-3843-467F-B9D4-183958D553ED}"
EndProject
Project("{FAE04EC0-301F-11D3-BF4B-00C04F79EFBC}") = "Bai08", "Bai08\Bai08.csproj", "{5D2A9578-8342-4F6A-932D-AF0679EB28CD}"
EndProject
Project("{FAE04EC0-301F-11D3-BF4B-00C04F79EFBC}") = "Bai09", "Bai09\Bai09.csproj", "{3E1FD104-D606-43CC-AB5B-F92EA492C77A}"
EndProject
Project("{FAE04EC0-301F-11D3-BF4B-00C04F79EFBC}") = "Bai06", "Bai06\Bai06.csproj", "{882B598E-3281-4FBE-815B-7964669DA1E9}"
EndProject
Global
	GlobalSection(SolutionConfigurationPlatforms) = preSolution
		Debug|Any CPU = Debug|Any CPU
		Release|Any CPU = Release|Any CPU
	EndGlobalSection
	GlobalSection(ProjectConfigurationPlatforms) = postSolution
		{46D52606-C4D1-4542-AA89-22C3A869EE6A}.Debug|Any CPU.ActiveCfg = Debug|Any CPU
		{46D52606-C4D1-4542-AA89-22C3A869EE6A}.Debug|Any CPU.Build.0 = Debug|Any CPU
		{46D52606-C4D1-4542-AA89-22C3A869EE6A}.Release|Any CPU.ActiveCfg = Release|Any CPU
		{46D52606-C4D1-4542-AA89-22C3A869EE6A}.Release|Any CPU.Build.0 = Release|Any CPU
		{C2C74301-0DC3-4137-850F-4DD1FACED184}.Debug|Any CPU.ActiveCfg = Debug|Any CPU
		{C2C74301-0DC3-4137-850F-4DD1FACED184}.Debug|Any CPU.Build.0 = Debug|Any CPU
		{C2C74301-0DC3-4137-850F-4DD1FACED184}.Release|Any CPU.ActiveCfg = Release|Any CPU
		{C2C74301-0DC3-4137-850F-4DD1FACED184}.Release|Any CPU.Build.0 = Release|Any CPU
		{2DC80EFC-05B2-4390-BEBD-0E55ADD8C4F4}.Debug|Any CPU.ActiveCfg = Debug|Any CPU
		{2DC80EFC-05B2-4390-BEBD-0E55ADD8C4F4}.Debug|Any CPU.Build.0 = Debug|Any CPU
		{2DC80EFC-05B2-4390-BEBD-0E55ADD8C4F4}.Release|Any CPU.ActiveCfg = Release|Any CPU
		{2DC80EFC-05B2-4390-BEBD-0E55ADD8C4F4}.Release|Any CPU.Build.0 = Release|Any CPU
		{7778CBCE-4016-41C0-B636-63B369962FDC}.Debug|Any CPU.ActiveCfg = Debug|Any CPU
		{7778CBCE-4016-41C0-B636-63B369962FDC}.Debug|Any CPU.Build.0 = Debug|Any CPU
		{7778CBCE-4016-41C0-B636-63B369962FDC}.Release|Any CPU.ActiveCfg = Release|Any CPU
		{7778CBCE-4016-41C0-B636-63B369962FDC}.Release|Any CPU.Build.0 = Release|Any CPU
		{8AEF9C73-DED9-474B-9A9F-E392A24E9F1B}.Debug|Any CPU.ActiveCfg = Debug|Any CPU
		{8AEF9C73-DED9-474B-9A9F-E392A24E9F1B}.Debug|Any CPU.Build.0 = Debug|Any CPU
		{8AEF9C73-DED9-474B-9A9F-E392A24E9F1B}.Release|Any CPU.ActiveCfg = Release|Any CPU
		{8AEF9C73-DED9-474B-9A9F-E392A24E9F1B}.Release|Any CPU.Build.0 = Release|Any CPU
		{9D63EAB9-3843-467F-B9D4-183958D553ED}.Debug|Any CPU.ActiveCfg = Debug|Any CPU
		{9D63EAB9-3843-467F-B9D4-183958D553ED}.Debug|Any CPU.Build.0 = Debug|Any CPU
		{9D63EAB9-3843-467F-B9D4-183958D553ED}.Release|Any CPU.ActiveCfg = Release|Any CPU
		{9D63EAB9-3843-467F-B9D4-183958D553ED}.Release|Any CPU.Build.0 = Release|Any CPU
		{5D2A9578-8342-4F6A-932D-AF0679EB28CD}.Debug|Any CPU.ActiveCfg = Debug|Any CPU
		{5D2A9578-8342-4F6A-932D-AF0679EB28CD}.Debug|Any CPU.Build.0 = Debug|Any CPU
		{5D2A9578-8342-4F6A-932D-AF0679EB28CD}.Release|Any CPU.ActiveCfg = Release|Any CPU
		{5D2A9578-8342-4F6A-932D-AF0679EB28CD}.Release|Any CPU.Build.0 = Release|Any CPU
		{3E1FD104-D606-43CC-AB5B-F92EA492C77A}.Debug|Any CPU.ActiveCfg = Debug|Any CPU
		{3E1FD104-D606-43CC-AB5B-F92EA492C77A}.Debug|Any CPU.Build.0 = Debug|Any CPU
		{3E1FD104-D606-43CC-AB5B-F92EA492C77A}.Release|Any CPU.ActiveCfg = Release|Any CPU
		{3E1FD104-D606-43CC-AB5B-F92EA492C77A}.Release|Any CPU.Build.0 = Release|Any CPU
		{882B598E-3281-4FBE-815B-7964669DA1E9}.Debug|Any CPU.ActiveCfg = Debug|Any CPU
		{882B598E-3281-4FBE-815B-7964669DA1E9}.Debug|Any CPU.Build.0 = Debug|Any CPU
		{882B598E-3281-4FBE-815B-7964669DA1E9}.Release|Any CPU.ActiveCfg = Release|Any CPU
		{882B598E-3281-4FBE-815B-7964669DA1E9}.Release|Any CPU.Build.0 = Release|Any CPU
	EndGlobalSection
	GlobalSection(SolutionProperties) = preSolution
		HideSolutionNode = FALSE
	EndGlobalSection
	GlobalSection(ExtensibilityGlobals) = postSolution
		SolutionGuid = {8EF8D52F-768D-4773-8A68-154830F86D54}
	EndGlobalSection
EndGlobal
